
Microsoft Visual Studio Solution File, Format Version 12.00
# Visual Studio Version 17
VisualStudioVersion = 17.14.36401.2
MinimumVisualStudioVersion = 10.0.40219.1
Project("{FAE04EC0-301F-11D3-BF4B-00C04F79EFBC}") = "AllinOneMessenger", "AllinOneMessenger.csproj", "{F49D2B89-7C74-4487-8951-C26D65DEE9CD}"
EndProject
Global
	GlobalSection(SolutionConfigurationPlatforms) = preSolution
		Debug|Any CPU = Debug|Any CPU
		Debug|ARM = Debug|ARM
		Debug|ARM64 = Debug|ARM64
		Debug|x64 = Debug|x64
		Debug|x86 = Debug|x86
		Release|Any CPU = Release|Any CPU
		Release|ARM = Release|ARM
		Release|ARM64 = Release|ARM64
		Release|x64 = Release|x64
		Release|x86 = Release|x86
	EndGlobalSection
	GlobalSection(ProjectConfigurationPlatforms) = postSolution
		{F49D2B89-7C74-4487-8951-C26D65DEE9CD}.Debug|Any CPU.ActiveCfg = Debug|x64
		{F49D2B89-7C74-4487-8951-C26D65DEE9CD}.Debug|Any CPU.Build.0 = Debug|x64
		{F49D2B89-7C74-4487-8951-C26D65DEE9CD}.Debug|Any CPU.Deploy.0 = Debug|x64
		{F49D2B89-7C74-4487-8951-C26D65DEE9CD}.Debug|ARM.ActiveCfg = Debug|x64
		{F49D2B89-7C74-4487-8951-C26D65DEE9CD}.Debug|ARM.Build.0 = Debug|x64
		{F49D2B89-7C74-4487-8951-C26D65DEE9CD}.Debug|ARM.Deploy.0 = Debug|x64
		{F49D2B89-7C74-4487-8951-C26D65DEE9CD}.Debug|ARM64.ActiveCfg = Debug|x64
		{F49D2B89-7C74-4487-8951-C26D65DEE9CD}.Debug|ARM64.Build.0 = Debug|x64
		{F49D2B89-7C74-4487-8951-C26D65DEE9CD}.Debug|ARM64.Deploy.0 = Debug|x64
		{F49D2B89-7C74-4487-8951-C26D65DEE9CD}.Debug|x64.ActiveCfg = Debug|x64
		{F49D2B89-7C74-4487-8951-C26D65DEE9CD}.Debug|x64.Build.0 = Debug|x64
		{F49D2B89-7C74-4487-8951-C26D65DEE9CD}.Debug|x64.Deploy.0 = Debug|x64
		{F49D2B89-7C74-4487-8951-C26D65DEE9CD}.Debug|x86.ActiveCfg = Debug|x86
		{F49D2B89-7C74-4487-8951-C26D65DEE9CD}.Debug|x86.Build.0 = Debug|x86
		{F49D2B89-7C74-4487-8951-C26D65DEE9CD}.Debug|x86.Deploy.0 = Debug|x86
		{F49D2B89-7C74-4487-8951-C26D65DEE9CD}.Release|Any CPU.ActiveCfg = Release|x64
		{F49D2B89-7C74-4487-8951-C26D65DEE9CD}.Release|Any CPU.Build.0 = Release|x64
		{F49D2B89-7C74-4487-8951-C26D65DEE9CD}.Release|Any CPU.Deploy.0 = Release|x64
		{F49D2B89-7C74-4487-8951-C26D65DEE9CD}.Release|ARM.ActiveCfg = Release|x64
		{F49D2B89-7C74-4487-8951-C26D65DEE9CD}.Release|ARM.Build.0 = Release|x64
		{F49D2B89-7C74-4487-8951-C26D65DEE9CD}.Release|ARM.Deploy.0 = Release|x64
		{F49D2B89-7C74-4487-8951-C26D65DEE9CD}.Release|ARM64.ActiveCfg = Release|x64
		{F49D2B89-7C74-4487-8951-C26D65DEE9CD}.Release|ARM64.Build.0 = Release|x64
		{F49D2B89-7C74-4487-8951-C26D65DEE9CD}.Release|ARM64.Deploy.0 = Release|x64
		{F49D2B89-7C74-4487-8951-C26D65DEE9CD}.Release|x64.ActiveCfg = Release|x64
		{F49D2B89-7C74-4487-8951-C26D65DEE9CD}.Release|x64.Build.0 = Release|x64
		{F49D2B89-7C74-4487-8951-C26D65DEE9CD}.Release|x64.Deploy.0 = Release|x64
		{F49D2B89-7C74-4487-8951-C26D65DEE9CD}.Release|x86.ActiveCfg = Release|x86
		{F49D2B89-7C74-4487-8951-C26D65DEE9CD}.Release|x86.Build.0 = Release|x86
		{F49D2B89-7C74-4487-8951-C26D65DEE9CD}.Release|x86.Deploy.0 = Release|x86
	EndGlobalSection
	GlobalSection(SolutionProperties) = preSolution
		HideSolutionNode = FALSE
	EndGlobalSection
	GlobalSection(ExtensibilityGlobals) = postSolution
		SolutionGuid = {8A4344A5-C20D-441E-B46D-5FA546E2B3E3}
	EndGlobalSection
EndGlobal
